
Microsoft Visual Studio Solution File, Format Version 12.00
# Visual Studio 2013
VisualStudioVersion = 12.0.30723.0
MinimumVisualStudioVersion = 10.0.40219.1
Project("{FAE04EC0-301F-11D3-BF4B-00C04F79EFBC}") = "IoC.Domain", "IoC.Domain\IoC.Domain.csproj", "{05D25FCA-DFE3-443C-9167-388D4A3834FE}"
EndProject
Project("{FAE04EC0-301F-11D3-BF4B-00C04F79EFBC}") = "IoC.Product.Domain", "IoC.Product.Domain\IoC.Product.Domain.csproj", "{2A10E00C-0A9A-47E0-9644-74571ACE19C2}"
EndProject
Project("{FAE04EC0-301F-11D3-BF4B-00C04F79EFBC}") = "IoC.Product.WebPresentation", "IoC.Product.WebPresentation\IoC.Product.WebPresentation.csproj", "{3B371C9E-B7EB-494C-8B13-60F7566B3DBD}"
EndProject
Project("{FAE04EC0-301F-11D3-BF4B-00C04F79EFBC}") = "IoC.Product.AzureStorage", "IoC.Product.AzureStorage\IoC.Product.AzureStorage.csproj", "{6F962C94-88D1-4CA8-98BD-0F308BB29947}"
EndProject
Project("{FAE04EC0-301F-11D3-BF4B-00C04F79EFBC}") = "IoC.Product.FileSystem", "IoC.Product.FileSystem\IoC.Product.FileSystem.csproj", "{E31BD0FF-AE6A-4337-B819-E2298E7D4E9B}"
EndProject
Project("{FAE04EC0-301F-11D3-BF4B-00C04F79EFBC}") = "IoC.Product.AdoNet", "IoC.Product.AdoNet\IoC.Product.AdoNet.csproj", "{5FD76E68-EEC9-44C6-8B68-80D841A4D9D1}"
EndProject
Project("{FAE04EC0-301F-11D3-BF4B-00C04F79EFBC}") = "IoC.Product.EntityFram", "IoC.Product.EntityFram\IoC.Product.EntityFram.csproj", "{E2CFEA17-2A31-4C88-ADD7-31AF0A1BE0F0}"
EndProject
Project("{FAE04EC0-301F-11D3-BF4B-00C04F79EFBC}") = "IoC.Product.ConsoleTest", "IoC.Product.ConsoleTest\IoC.Product.ConsoleTest.csproj", "{E656546A-A767-44D6-BA6D-52ADD4938C39}"
EndProject
Global
	GlobalSection(SolutionConfigurationPlatforms) = preSolution
		Debug|Any CPU = Debug|Any CPU
		Release|Any CPU = Release|Any CPU
	EndGlobalSection
	GlobalSection(ProjectConfigurationPlatforms) = postSolution
		{05D25FCA-DFE3-443C-9167-388D4A3834FE}.Debug|Any CPU.ActiveCfg = Debug|Any CPU
		{05D25FCA-DFE3-443C-9167-388D4A3834FE}.Debug|Any CPU.Build.0 = Debug|Any CPU
		{05D25FCA-DFE3-443C-9167-388D4A3834FE}.Release|Any CPU.ActiveCfg = Release|Any CPU
		{05D25FCA-DFE3-443C-9167-388D4A3834FE}.Release|Any CPU.Build.0 = Release|Any CPU
		{2A10E00C-0A9A-47E0-9644-74571ACE19C2}.Debug|Any CPU.ActiveCfg = Debug|Any CPU
		{2A10E00C-0A9A-47E0-9644-74571ACE19C2}.Debug|Any CPU.Build.0 = Debug|Any CPU
		{2A10E00C-0A9A-47E0-9644-74571ACE19C2}.Release|Any CPU.ActiveCfg = Release|Any CPU
		{2A10E00C-0A9A-47E0-9644-74571ACE19C2}.Release|Any CPU.Build.0 = Release|Any CPU
		{3B371C9E-B7EB-494C-8B13-60F7566B3DBD}.Debug|Any CPU.ActiveCfg = Debug|Any CPU
		{3B371C9E-B7EB-494C-8B13-60F7566B3DBD}.Debug|Any CPU.Build.0 = Debug|Any CPU
		{3B371C9E-B7EB-494C-8B13-60F7566B3DBD}.Release|Any CPU.ActiveCfg = Release|Any CPU
		{3B371C9E-B7EB-494C-8B13-60F7566B3DBD}.Release|Any CPU.Build.0 = Release|Any CPU
		{6F962C94-88D1-4CA8-98BD-0F308BB29947}.Debug|Any CPU.ActiveCfg = Debug|Any CPU
		{6F962C94-88D1-4CA8-98BD-0F308BB29947}.Debug|Any CPU.Build.0 = Debug|Any CPU
		{6F962C94-88D1-4CA8-98BD-0F308BB29947}.Release|Any CPU.ActiveCfg = Release|Any CPU
		{6F962C94-88D1-4CA8-98BD-0F308BB29947}.Release|Any CPU.Build.0 = Release|Any CPU
		{E31BD0FF-AE6A-4337-B819-E2298E7D4E9B}.Debug|Any CPU.ActiveCfg = Debug|Any CPU
		{E31BD0FF-AE6A-4337-B819-E2298E7D4E9B}.Debug|Any CPU.Build.0 = Debug|Any CPU
		{E31BD0FF-AE6A-4337-B819-E2298E7D4E9B}.Release|Any CPU.ActiveCfg = Release|Any CPU
		{E31BD0FF-AE6A-4337-B819-E2298E7D4E9B}.Release|Any CPU.Build.0 = Release|Any CPU
		{5FD76E68-EEC9-44C6-8B68-80D841A4D9D1}.Debug|Any CPU.ActiveCfg = Debug|Any CPU
		{5FD76E68-EEC9-44C6-8B68-80D841A4D9D1}.Debug|Any CPU.Build.0 = Debug|Any CPU
		{5FD76E68-EEC9-44C6-8B68-80D841A4D9D1}.Release|Any CPU.ActiveCfg = Release|Any CPU
		{5FD76E68-EEC9-44C6-8B68-80D841A4D9D1}.Release|Any CPU.Build.0 = Release|Any CPU
		{E2CFEA17-2A31-4C88-ADD7-31AF0A1BE0F0}.Debug|Any CPU.ActiveCfg = Debug|Any CPU
		{E2CFEA17-2A31-4C88-ADD7-31AF0A1BE0F0}.Debug|Any CPU.Build.0 = Debug|Any CPU
		{E2CFEA17-2A31-4C88-ADD7-31AF0A1BE0F0}.Release|Any CPU.ActiveCfg = Release|Any CPU
		{E2CFEA17-2A31-4C88-ADD7-31AF0A1BE0F0}.Release|Any CPU.Build.0 = Release|Any CPU
		{E656546A-A767-44D6-BA6D-52ADD4938C39}.Debug|Any CPU.ActiveCfg = Debug|Any CPU
		{E656546A-A767-44D6-BA6D-52ADD4938C39}.Debug|Any CPU.Build.0 = Debug|Any CPU
		{E656546A-A767-44D6-BA6D-52ADD4938C39}.Release|Any CPU.ActiveCfg = Release|Any CPU
		{E656546A-A767-44D6-BA6D-52ADD4938C39}.Release|Any CPU.Build.0 = Release|Any CPU
	EndGlobalSection
	GlobalSection(SolutionProperties) = preSolution
		HideSolutionNode = FALSE
	EndGlobalSection
EndGlobal
